
Microsoft Visual Studio Solution File, Format Version 12.00
# Visual Studio Version 17
VisualStudioVersion = 17.0.31903.59
MinimumVisualStudioVersion = 10.0.40219.1
Project("{2150E333-8FDC-42A3-9474-1A3956D46DE8}") = "src", "src", "{827E0CD3-B72D-47B6-A68D-7590B98EB39B}"
EndProject
Project("{FAE04EC0-301F-11D3-BF4B-00C04F79EFBC}") = "Core.Contracts", "src\Core.Contracts\Core.Contracts.csproj", "{B487CF10-A8BC-44BA-A849-7380EDF92D92}"
EndProject
Project("{FAE04EC0-301F-11D3-BF4B-00C04F79EFBC}") = "Core.Domain", "src\Core.Domain\Core.Domain.csproj", "{FBC0B1AB-C67A-4654-A5B4-A9CB7C94DFCC}"
EndProject
Project("{FAE04EC0-301F-11D3-BF4B-00C04F79EFBC}") = "Graph.KuzuDB", "src\Graph.KuzuDB\Graph.KuzuDB.csproj", "{D140208E-8D03-45FF-8572-418795D994B1}"
EndProject
Project("{2150E333-8FDC-42A3-9474-1A3956D46DE8}") = "tests", "tests", "{0AB3BF05-4346-4AA6-1389-037BE0695223}"
EndProject
Project("{2150E333-8FDC-42A3-9474-1A3956D46DE8}") = "unit", "unit", "{9D556B49-86D1-93A7-9596-FFAAB74EC556}"
EndProject
Project("{FAE04EC0-301F-11D3-BF4B-00C04F79EFBC}") = "Core.Domain.Tests", "tests\unit\Core.Domain.Tests\Core.Domain.Tests.csproj", "{A9202D95-239A-4CA6-B6E8-4B3BFEDAA4E6}"
EndProject
Project("{FAE04EC0-301F-11D3-BF4B-00C04F79EFBC}") = "Memory.Zep", "src\Memory.Zep\Memory.Zep.csproj", "{143B2A4F-496E-4571-A064-76BFC136D207}"
EndProject
Project("{FAE04EC0-301F-11D3-BF4B-00C04F79EFBC}") = "Memory.Zep.Tests", "tests\unit\Memory.Zep.Tests\Memory.Zep.Tests.csproj", "{F88C983D-FC6B-46D9-8F37-F85663B7509D}"
EndProject
Project("{FAE04EC0-301F-11D3-BF4B-00C04F79EFBC}") = "Agents.Orleans", "src\Agents.Orleans\Agents.Orleans.csproj", "{FCD3EB39-7A19-462E-9DBD-64857728C1C0}"
EndProject
Project("{FAE04EC0-301F-11D3-BF4B-00C04F79EFBC}") = "Agents.Orleans.Tests", "tests\unit\Agents.Orleans.Tests\Agents.Orleans.Tests.csproj", "{AD91C2A1-8E8F-4645-AC68-2B73586155AE}"
EndProject
Project("{2150E333-8FDC-42A3-9474-1A3956D46DE8}") = "integration", "integration", "{28A6993C-471E-82FE-7D9E-AD3B1EC22BD9}"
EndProject
Project("{FAE04EC0-301F-11D3-BF4B-00C04F79EFBC}") = "Graph.KuzuDB.IntegrationTests", "tests\integration\Graph.KuzuDB.IntegrationTests\Graph.KuzuDB.IntegrationTests.csproj", "{EB37E44C-D1A7-458E-8226-F388E82ECABA}"
EndProject
Project("{FAE04EC0-301F-11D3-BF4B-00C04F79EFBC}") = "Api.Gateway", "src\Api.Gateway\Api.Gateway.csproj", "{6D92753F-C8E1-447B-8610-8B7AF5FAF214}"
EndProject
Project("{FAE04EC0-301F-11D3-BF4B-00C04F79EFBC}") = "Report.Agent", "src\Report.Agent\Report.Agent.csproj", "{6A815440-453B-46CB-B6B3-90E55D06F598}"
EndProject
Global
	GlobalSection(SolutionConfigurationPlatforms) = preSolution
		Debug|Any CPU = Debug|Any CPU
		Debug|x64 = Debug|x64
		Debug|x86 = Debug|x86
		Release|Any CPU = Release|Any CPU
		Release|x64 = Release|x64
		Release|x86 = Release|x86
	EndGlobalSection
	GlobalSection(ProjectConfigurationPlatforms) = postSolution
		{B487CF10-A8BC-44BA-A849-7380EDF92D92}.Debug|Any CPU.ActiveCfg = Debug|Any CPU
		{B487CF10-A8BC-44BA-A849-7380EDF92D92}.Debug|Any CPU.Build.0 = Debug|Any CPU
		{B487CF10-A8BC-44BA-A849-7380EDF92D92}.Debug|x64.ActiveCfg = Debug|Any CPU
		{B487CF10-A8BC-44BA-A849-7380EDF92D92}.Debug|x64.Build.0 = Debug|Any CPU
		{B487CF10-A8BC-44BA-A849-7380EDF92D92}.Debug|x86.ActiveCfg = Debug|Any CPU
		{B487CF10-A8BC-44BA-A849-7380EDF92D92}.Debug|x86.Build.0 = Debug|Any CPU
		{B487CF10-A8BC-44BA-A849-7380EDF92D92}.Release|Any CPU.ActiveCfg = Release|Any CPU
		{B487CF10-A8BC-44BA-A849-7380EDF92D92}.Release|Any CPU.Build.0 = Release|Any CPU
		{B487CF10-A8BC-44BA-A849-7380EDF92D92}.Release|x64.ActiveCfg = Release|Any CPU
		{B487CF10-A8BC-44BA-A849-7380EDF92D92}.Release|x64.Build.0 = Release|Any CPU
		{B487CF10-A8BC-44BA-A849-7380EDF92D92}.Release|x86.ActiveCfg = Release|Any CPU
		{B487CF10-A8BC-44BA-A849-7380EDF92D92}.Release|x86.Build.0 = Release|Any CPU
		{FBC0B1AB-C67A-4654-A5B4-A9CB7C94DFCC}.Debug|Any CPU.ActiveCfg = Debug|Any CPU
		{FBC0B1AB-C67A-4654-A5B4-A9CB7C94DFCC}.Debug|Any CPU.Build.0 = Debug|Any CPU
		{FBC0B1AB-C67A-4654-A5B4-A9CB7C94DFCC}.Debug|x64.ActiveCfg = Debug|Any CPU
		{FBC0B1AB-C67A-4654-A5B4-A9CB7C94DFCC}.Debug|x64.Build.0 = Debug|Any CPU
		{FBC0B1AB-C67A-4654-A5B4-A9CB7C94DFCC}.Debug|x86.ActiveCfg = Debug|Any CPU
		{FBC0B1AB-C67A-4654-A5B4-A9CB7C94DFCC}.Debug|x86.Build.0 = Debug|Any CPU
		{FBC0B1AB-C67A-4654-A5B4-A9CB7C94DFCC}.Release|Any CPU.ActiveCfg = Release|Any CPU
		{FBC0B1AB-C67A-4654-A5B4-A9CB7C94DFCC}.Release|Any CPU.Build.0 = Release|Any CPU
		{FBC0B1AB-C67A-4654-A5B4-A9CB7C94DFCC}.Release|x64.ActiveCfg = Release|Any CPU
		{FBC0B1AB-C67A-4654-A5B4-A9CB7C94DFCC}.Release|x64.Build.0 = Release|Any CPU
		{FBC0B1AB-C67A-4654-A5B4-A9CB7C94DFCC}.Release|x86.ActiveCfg = Release|Any CPU
		{FBC0B1AB-C67A-4654-A5B4-A9CB7C94DFCC}.Release|x86.Build.0 = Release|Any CPU
		{D140208E-8D03-45FF-8572-418795D994B1}.Debug|Any CPU.ActiveCfg = Debug|Any CPU
		{D140208E-8D03-45FF-8572-418795D994B1}.Debug|Any CPU.Build.0 = Debug|Any CPU
		{D140208E-8D03-45FF-8572-418795D994B1}.Debug|x64.ActiveCfg = Debug|Any CPU
		{D140208E-8D03-45FF-8572-418795D994B1}.Debug|x64.Build.0 = Debug|Any CPU
		{D140208E-8D03-45FF-8572-418795D994B1}.Debug|x86.ActiveCfg = Debug|Any CPU
		{D140208E-8D03-45FF-8572-418795D994B1}.Debug|x86.Build.0 = Debug|Any CPU
		{D140208E-8D03-45FF-8572-418795D994B1}.Release|Any CPU.ActiveCfg = Release|Any CPU
		{D140208E-8D03-45FF-8572-418795D994B1}.Release|Any CPU.Build.0 = Release|Any CPU
		{D140208E-8D03-45FF-8572-418795D994B1}.Release|x64.ActiveCfg = Release|Any CPU
		{D140208E-8D03-45FF-8572-418795D994B1}.Release|x64.Build.0 = Release|Any CPU
		{D140208E-8D03-45FF-8572-418795D994B1}.Release|x86.ActiveCfg = Release|Any CPU
		{D140208E-8D03-45FF-8572-418795D994B1}.Release|x86.Build.0 = Release|Any CPU
		{A9202D95-239A-4CA6-B6E8-4B3BFEDAA4E6}.Debug|Any CPU.ActiveCfg = Debug|Any CPU
		{A9202D95-239A-4CA6-B6E8-4B3BFEDAA4E6}.Debug|Any CPU.Build.0 = Debug|Any CPU
		{A9202D95-239A-4CA6-B6E8-4B3BFEDAA4E6}.Debug|x64.ActiveCfg = Debug|Any CPU
		{A9202D95-239A-4CA6-B6E8-4B3BFEDAA4E6}.Debug|x64.Build.0 = Debug|Any CPU
		{A9202D95-239A-4CA6-B6E8-4B3BFEDAA4E6}.Debug|x86.ActiveCfg = Debug|Any CPU
		{A9202D95-239A-4CA6-B6E8-4B3BFEDAA4E6}.Debug|x86.Build.0 = Debug|Any CPU
		{A9202D95-239A-4CA6-B6E8-4B3BFEDAA4E6}.Release|Any CPU.ActiveCfg = Release|Any CPU
		{A9202D95-239A-4CA6-B6E8-4B3BFEDAA4E6}.Release|Any CPU.Build.0 = Release|Any CPU
		{A9202D95-239A-4CA6-B6E8-4B3BFEDAA4E6}.Release|x64.ActiveCfg = Release|Any CPU
		{A9202D95-239A-4CA6-B6E8-4B3BFEDAA4E6}.Release|x64.Build.0 = Release|Any CPU
		{A9202D95-239A-4CA6-B6E8-4B3BFEDAA4E6}.Release|x86.ActiveCfg = Release|Any CPU
		{A9202D95-239A-4CA6-B6E8-4B3BFEDAA4E6}.Release|x86.Build.0 = Release|Any CPU
		{143B2A4F-496E-4571-A064-76BFC136D207}.Debug|Any CPU.ActiveCfg = Debug|Any CPU
		{143B2A4F-496E-4571-A064-76BFC136D207}.Debug|Any CPU.Build.0 = Debug|Any CPU
		{143B2A4F-496E-4571-A064-76BFC136D207}.Debug|x64.ActiveCfg = Debug|Any CPU
		{143B2A4F-496E-4571-A064-76BFC136D207}.Debug|x64.Build.0 = Debug|Any CPU
		{143B2A4F-496E-4571-A064-76BFC136D207}.Debug|x86.ActiveCfg = Debug|Any CPU
		{143B2A4F-496E-4571-A064-76BFC136D207}.Debug|x86.Build.0 = Debug|Any CPU
		{143B2A4F-496E-4571-A064-76BFC136D207}.Release|Any CPU.ActiveCfg = Release|Any CPU
		{143B2A4F-496E-4571-A064-76BFC136D207}.Release|Any CPU.Build.0 = Release|Any CPU
		{143B2A4F-496E-4571-A064-76BFC136D207}.Release|x64.ActiveCfg = Release|Any CPU
		{143B2A4F-496E-4571-A064-76BFC136D207}.Release|x64.Build.0 = Release|Any CPU
		{143B2A4F-496E-4571-A064-76BFC136D207}.Release|x86.ActiveCfg = Release|Any CPU
		{143B2A4F-496E-4571-A064-76BFC136D207}.Release|x86.Build.0 = Release|Any CPU
		{F88C983D-FC6B-46D9-8F37-F85663B7509D}.Debug|Any CPU.ActiveCfg = Debug|Any CPU
		{F88C983D-FC6B-46D9-8F37-F85663B7509D}.Debug|Any CPU.Build.0 = Debug|Any CPU
		{F88C983D-FC6B-46D9-8F37-F85663B7509D}.Debug|x64.ActiveCfg = Debug|Any CPU
		{F88C983D-FC6B-46D9-8F37-F85663B7509D}.Debug|x64.Build.0 = Debug|Any CPU
		{F88C983D-FC6B-46D9-8F37-F85663B7509D}.Debug|x86.ActiveCfg = Debug|Any CPU
		{F88C983D-FC6B-46D9-8F37-F85663B7509D}.Debug|x86.Build.0 = Debug|Any CPU
		{F88C983D-FC6B-46D9-8F37-F85663B7509D}.Release|Any CPU.ActiveCfg = Release|Any CPU
		{F88C983D-FC6B-46D9-8F37-F85663B7509D}.Release|Any CPU.Build.0 = Release|Any CPU
		{F88C983D-FC6B-46D9-8F37-F85663B7509D}.Release|x64.ActiveCfg = Release|Any CPU
		{F88C983D-FC6B-46D9-8F37-F85663B7509D}.Release|x64.Build.0 = Release|Any CPU
		{F88C983D-FC6B-46D9-8F37-F85663B7509D}.Release|x86.ActiveCfg = Release|Any CPU
		{F88C983D-FC6B-46D9-8F37-F85663B7509D}.Release|x86.Build.0 = Release|Any CPU
		{FCD3EB39-7A19-462E-9DBD-64857728C1C0}.Debug|Any CPU.ActiveCfg = Debug|Any CPU
		{FCD3EB39-7A19-462E-9DBD-64857728C1C0}.Debug|Any CPU.Build.0 = Debug|Any CPU
		{FCD3EB39-7A19-462E-9DBD-64857728C1C0}.Debug|x64.ActiveCfg = Debug|Any CPU
		{FCD3EB39-7A19-462E-9DBD-64857728C1C0}.Debug|x64.Build.0 = Debug|Any CPU
		{FCD3EB39-7A19-462E-9DBD-64857728C1C0}.Debug|x86.ActiveCfg = Debug|Any CPU
		{FCD3EB39-7A19-462E-9DBD-64857728C1C0}.Debug|x86.Build.0 = Debug|Any CPU
		{FCD3EB39-7A19-462E-9DBD-64857728C1C0}.Release|Any CPU.ActiveCfg = Release|Any CPU
		{FCD3EB39-7A19-462E-9DBD-64857728C1C0}.Release|Any CPU.Build.0 = Release|Any CPU
		{FCD3EB39-7A19-462E-9DBD-64857728C1C0}.Release|x64.ActiveCfg = Release|Any CPU
		{FCD3EB39-7A19-462E-9DBD-64857728C1C0}.Release|x64.Build.0 = Release|Any CPU
		{FCD3EB39-7A19-462E-9DBD-64857728C1C0}.Release|x86.ActiveCfg = Release|Any CPU
		{FCD3EB39-7A19-462E-9DBD-64857728C1C0}.Release|x86.Build.0 = Release|Any CPU
		{AD91C2A1-8E8F-4645-AC68-2B73586155AE}.Debug|Any CPU.ActiveCfg = Debug|Any CPU
		{AD91C2A1-8E8F-4645-AC68-2B73586155AE}.Debug|Any CPU.Build.0 = Debug|Any CPU
		{AD91C2A1-8E8F-4645-AC68-2B73586155AE}.Debug|x64.ActiveCfg = Debug|Any CPU
		{AD91C2A1-8E8F-4645-AC68-2B73586155AE}.Debug|x64.Build.0 = Debug|Any CPU
		{AD91C2A1-8E8F-4645-AC68-2B73586155AE}.Debug|x86.ActiveCfg = Debug|Any CPU
		{AD91C2A1-8E8F-4645-AC68-2B73586155AE}.Debug|x86.Build.0 = Debug|Any CPU
		{AD91C2A1-8E8F-4645-AC68-2B73586155AE}.Release|Any CPU.ActiveCfg = Release|Any CPU
		{AD91C2A1-8E8F-4645-AC68-2B73586155AE}.Release|Any CPU.Build.0 = Release|Any CPU
		{AD91C2A1-8E8F-4645-AC68-2B73586155AE}.Release|x64.ActiveCfg = Release|Any CPU
		{AD91C2A1-8E8F-4645-AC68-2B73586155AE}.Release|x64.Build.0 = Release|Any CPU
		{AD91C2A1-8E8F-4645-AC68-2B73586155AE}.Release|x86.ActiveCfg = Release|Any CPU
		{AD91C2A1-8E8F-4645-AC68-2B73586155AE}.Release|x86.Build.0 = Release|Any CPU
		{EB37E44C-D1A7-458E-8226-F388E82ECABA}.Debug|Any CPU.ActiveCfg = Debug|Any CPU
		{EB37E44C-D1A7-458E-8226-F388E82ECABA}.Debug|Any CPU.Build.0 = Debug|Any CPU
		{EB37E44C-D1A7-458E-8226-F388E82ECABA}.Debug|x64.ActiveCfg = Debug|Any CPU
		{EB37E44C-D1A7-458E-8226-F388E82ECABA}.Debug|x64.Build.0 = Debug|Any CPU
		{EB37E44C-D1A7-458E-8226-F388E82ECABA}.Debug|x86.ActiveCfg = Debug|Any CPU
		{EB37E44C-D1A7-458E-8226-F388E82ECABA}.Debug|x86.Build.0 = Debug|Any CPU
		{EB37E44C-D1A7-458E-8226-F388E82ECABA}.Release|Any CPU.ActiveCfg = Release|Any CPU
		{EB37E44C-D1A7-458E-8226-F388E82ECABA}.Release|Any CPU.Build.0 = Release|Any CPU
		{EB37E44C-D1A7-458E-8226-F388E82ECABA}.Release|x64.ActiveCfg = Release|Any CPU
		{EB37E44C-D1A7-458E-8226-F388E82ECABA}.Release|x64.Build.0 = Release|Any CPU
		{EB37E44C-D1A7-458E-8226-F388E82ECABA}.Release|x86.ActiveCfg = Release|Any CPU
		{EB37E44C-D1A7-458E-8226-F388E82ECABA}.Release|x86.Build.0 = Release|Any CPU
		{6D92753F-C8E1-447B-8610-8B7AF5FAF214}.Debug|Any CPU.ActiveCfg = Debug|Any CPU
		{6D92753F-C8E1-447B-8610-8B7AF5FAF214}.Debug|Any CPU.Build.0 = Debug|Any CPU
		{6D92753F-C8E1-447B-8610-8B7AF5FAF214}.Debug|x64.ActiveCfg = Debug|Any CPU
		{6D92753F-C8E1-447B-8610-8B7AF5FAF214}.Debug|x64.Build.0 = Debug|Any CPU
		{6D92753F-C8E1-447B-8610-8B7AF5FAF214}.Debug|x86.ActiveCfg = Debug|Any CPU
		{6D92753F-C8E1-447B-8610-8B7AF5FAF214}.Debug|x86.Build.0 = Debug|Any CPU
		{6D92753F-C8E1-447B-8610-8B7AF5FAF214}.Release|Any CPU.ActiveCfg = Release|Any CPU
		{6D92753F-C8E1-447B-8610-8B7AF5FAF214}.Release|Any CPU.Build.0 = Release|Any CPU
		{6D92753F-C8E1-447B-8610-8B7AF5FAF214}.Release|x64.ActiveCfg = Release|Any CPU
		{6D92753F-C8E1-447B-8610-8B7AF5FAF214}.Release|x64.Build.0 = Release|Any CPU
		{6D92753F-C8E1-447B-8610-8B7AF5FAF214}.Release|x86.ActiveCfg = Release|Any CPU
		{6D92753F-C8E1-447B-8610-8B7AF5FAF214}.Release|x86.Build.0 = Release|Any CPU
		{6A815440-453B-46CB-B6B3-90E55D06F598}.Debug|Any CPU.ActiveCfg = Debug|Any CPU
		{6A815440-453B-46CB-B6B3-90E55D06F598}.Debug|Any CPU.Build.0 = Debug|Any CPU
		{6A815440-453B-46CB-B6B3-90E55D06F598}.Debug|x64.ActiveCfg = Debug|Any CPU
		{6A815440-453B-46CB-B6B3-90E55D06F598}.Debug|x64.Build.0 = Debug|Any CPU
		{6A815440-453B-46CB-B6B3-90E55D06F598}.Debug|x86.ActiveCfg = Debug|Any CPU
		{6A815440-453B-46CB-B6B3-90E55D06F598}.Debug|x86.Build.0 = Debug|Any CPU
		{6A815440-453B-46CB-B6B3-90E55D06F598}.Release|Any CPU.ActiveCfg = Release|Any CPU
		{6A815440-453B-46CB-B6B3-90E55D06F598}.Release|Any CPU.Build.0 = Release|Any CPU
		{6A815440-453B-46CB-B6B3-90E55D06F598}.Release|x64.ActiveCfg = Release|Any CPU
		{6A815440-453B-46CB-B6B3-90E55D06F598}.Release|x64.Build.0 = Release|Any CPU
		{6A815440-453B-46CB-B6B3-90E55D06F598}.Release|x86.ActiveCfg = Release|Any CPU
		{6A815440-453B-46CB-B6B3-90E55D06F598}.Release|x86.Build.0 = Release|Any CPU
	EndGlobalSection
	GlobalSection(SolutionProperties) = preSolution
		HideSolutionNode = FALSE
	EndGlobalSection
	GlobalSection(NestedProjects) = preSolution
		{B487CF10-A8BC-44BA-A849-7380EDF92D92} = {827E0CD3-B72D-47B6-A68D-7590B98EB39B}
		{FBC0B1AB-C67A-4654-A5B4-A9CB7C94DFCC} = {827E0CD3-B72D-47B6-A68D-7590B98EB39B}
		{D140208E-8D03-45FF-8572-418795D994B1} = {827E0CD3-B72D-47B6-A68D-7590B98EB39B}
		{9D556B49-86D1-93A7-9596-FFAAB74EC556} = {0AB3BF05-4346-4AA6-1389-037BE0695223}
		{A9202D95-239A-4CA6-B6E8-4B3BFEDAA4E6} = {9D556B49-86D1-93A7-9596-FFAAB74EC556}
		{143B2A4F-496E-4571-A064-76BFC136D207} = {827E0CD3-B72D-47B6-A68D-7590B98EB39B}
		{F88C983D-FC6B-46D9-8F37-F85663B7509D} = {9D556B49-86D1-93A7-9596-FFAAB74EC556}
		{FCD3EB39-7A19-462E-9DBD-64857728C1C0} = {827E0CD3-B72D-47B6-A68D-7590B98EB39B}
		{AD91C2A1-8E8F-4645-AC68-2B73586155AE} = {9D556B49-86D1-93A7-9596-FFAAB74EC556}
		{28A6993C-471E-82FE-7D9E-AD3B1EC22BD9} = {0AB3BF05-4346-4AA6-1389-037BE0695223}
		{EB37E44C-D1A7-458E-8226-F388E82ECABA} = {28A6993C-471E-82FE-7D9E-AD3B1EC22BD9}
		{6D92753F-C8E1-447B-8610-8B7AF5FAF214} = {827E0CD3-B72D-47B6-A68D-7590B98EB39B}
		{6A815440-453B-46CB-B6B3-90E55D06F598} = {827E0CD3-B72D-47B6-A68D-7590B98EB39B}
	EndGlobalSection
EndGlobal
